
Microsoft Visual Studio Solution File, Format Version 12.00
# Visual Studio Version 16
VisualStudioVersion = 16.0.31515.178
MinimumVisualStudioVersion = 10.0.40219.1
Project("{FAE04EC0-301F-11D3-BF4B-00C04F79EFBC}") = "project1", "project1.csproj", "{FBC7D21B-9368-4390-BD55-D71A8B0974E8}"
EndProject
Global
	GlobalSection(SolutionConfigurationPlatforms) = preSolution
		Debug|Any CPU = Debug|Any CPU
		Release|Any CPU = Release|Any CPU
	EndGlobalSection
	GlobalSection(ProjectConfigurationPlatforms) = postSolution
		{FBC7D21B-9368-4390-BD55-D71A8B0974E8}.Debug|Any CPU.ActiveCfg = Debug|Any CPU
		{FBC7D21B-9368-4390-BD55-D71A8B0974E8}.Debug|Any CPU.Build.0 = Debug|Any CPU
		{FBC7D21B-9368-4390-BD55-D71A8B0974E8}.Release|Any CPU.ActiveCfg = Release|Any CPU
		{FBC7D21B-9368-4390-BD55-D71A8B0974E8}.Release|Any CPU.Build.0 = Release|Any CPU
	EndGlobalSection
	GlobalSection(SolutionProperties) = preSolution
		HideSolutionNode = FALSE
	EndGlobalSection
	GlobalSection(ExtensibilityGlobals) = postSolution
		SolutionGuid = {28813AC2-6623-4759-B6C6-307C2A8F73CA}
	EndGlobalSection
EndGlobal
